// !$*UTF8*$!
{
	archiveVersion = 1;
	classes = {
	};
	objectVersion = 46;
	objects = {

/* Begin PBXBuildFile section */
		6E41C10E1831DC130015CC7F /* Foundation.framework in Frameworks */ = {isa = PBXBuildFile; fileRef = 6E41C10D1831DC130015CC7F /* Foundation.framework */; };
		6E41C1101831DC130015CC7F /* CoreGraphics.framework in Frameworks */ = {isa = PBXBuildFile; fileRef = 6E41C10F1831DC130015CC7F /* CoreGraphics.framework */; };
		6E41C1121831DC130015CC7F /* UIKit.framework in Frameworks */ = {isa = PBXBuildFile; fileRef = 6E41C1111831DC130015CC7F /* UIKit.framework */; };
		6E41C1181831DC130015CC7F /* InfoPlist.strings in Resources */ = {isa = PBXBuildFile; fileRef = 6E41C1161831DC130015CC7F /* InfoPlist.strings */; };
		6E41C11A1831DC130015CC7F /* main.m in Sources */ = {isa = PBXBuildFile; fileRef = 6E41C1191831DC130015CC7F /* main.m */; };
		6E41C11E1831DC130015CC7F /* AppDelegate.m in Sources */ = {isa = PBXBuildFile; fileRef = 6E41C11D1831DC130015CC7F /* AppDelegate.m */; };
		6E41C1211831DC130015CC7F /* Main.storyboard in Resources */ = {isa = PBXBuildFile; fileRef = 6E41C11F1831DC130015CC7F /* Main.storyboard */; };
		6E41C1241831DC130015CC7F /* ViewController.m in Sources */ = {isa = PBXBuildFile; fileRef = 6E41C1231831DC130015CC7F /* ViewController.m */; };
		6E41C1261831DC130015CC7F /* Images.xcassets in Resources */ = {isa = PBXBuildFile; fileRef = 6E41C1251831DC130015CC7F /* Images.xcassets */; };
		6E41C12D1831DC130015CC7F /* XCTest.framework in Frameworks */ = {isa = PBXBuildFile; fileRef = 6E41C12C1831DC130015CC7F /* XCTest.framework */; };
		6E41C12E1831DC130015CC7F /* Foundation.framework in Frameworks */ = {isa = PBXBuildFile; fileRef = 6E41C10D1831DC130015CC7F /* Foundation.framework */; };
		6E41C12F1831DC130015CC7F /* UIKit.framework in Frameworks */ = {isa = PBXBuildFile; fileRef = 6E41C1111831DC130015CC7F /* UIKit.framework */; };
		6E41C1371831DC130015CC7F /* InfoPlist.strings in Resources */ = {isa = PBXBuildFile; fileRef = 6E41C1351831DC130015CC7F /* InfoPlist.strings */; };
		6E41C1391831DC130015CC7F /* NoodleMeTests.m in Sources */ = {isa = PBXBuildFile; fileRef = 6E41C1381831DC130015CC7F /* NoodleMeTests.m */; };
/* End PBXBuildFile section */

/* Begin PBXContainerItemProxy section */
		6E41C1301831DC130015CC7F /* PBXContainerItemProxy */ = {
			isa = PBXContainerItemProxy;
			containerPortal = 6E41C1021831DC130015CC7F /* Project object */;
			proxyType = 1;
			remoteGlobalIDString = 6E41C1091831DC130015CC7F;
			remoteInfo = NoodleMe;
		};
/* End PBXContainerItemProxy section */

/* Begin PBXFileReference section */
		6E41C10A1831DC130015CC7F /* NoodleMe.app */ = {isa = PBXFileReference; explicitFileType = wrapper.application; includeInIndex = 0; path = NoodleMe.app; sourceTree = BUILT_PRODUCTS_DIR; };
		6E41C10D1831DC130015CC7F /* Foundation.framework */ = {isa = PBXFileReference; lastKnownFileType = wrapper.framework; name = Foundation.framework; path = System/Library/Frameworks/Foundation.framework; sourceTree = SDKROOT; };
		6E41C10F1831DC130015CC7F /* CoreGraphics.framework */ = {isa = PBXFileReference; lastKnownFileType = wrapper.framework; name = CoreGraphics.framework; path = System/Library/Frameworks/CoreGraphics.framework; sourceTree = SDKROOT; };
		6E41C1111831DC130015CC7F /* UIKit.framework */ = {isa = PBXFileReference; lastKnownFileType = wrapper.framework; name = UIKit.framework; path = System/Library/Frameworks/UIKit.framework; sourceTree = SDKROOT; };
		6E41C1151831DC130015CC7F /* NoodleMe-Info.plist */ = {isa = PBXFileReference; lastKnownFileType = text.plist.xml; path = "NoodleMe-Info.plist"; sourceTree = "<group>"; };
		6E41C1171831DC130015CC7F /* en */ = {isa = PBXFileReference; lastKnownFileType = text.plist.strings; name = en; path = en.lproj/InfoPlist.strings; sourceTree = "<group>"; };
		6E41C1191831DC130015CC7F /* main.m */ = {isa = PBXFileReference; lastKnownFileType = sourcecode.c.objc; path = main.m; sourceTree = "<group>"; };
		6E41C11B1831DC130015CC7F /* NoodleMe-Prefix.pch */ = {isa = PBXFileReference; lastKnownFileType = sourcecode.c.h; path = "NoodleMe-Prefix.pch"; sourceTree = "<group>"; };
		6E41C11C1831DC130015CC7F /* AppDelegate.h */ = {isa = PBXFileReference; lastKnownFileType = sourcecode.c.h; path = AppDelegate.h; sourceTree = "<group>"; };
		6E41C11D1831DC130015CC7F /* AppDelegate.m */ = {isa = PBXFileReference; lastKnownFileType = sourcecode.c.objc; path = AppDelegate.m; sourceTree = "<group>"; };
		6E41C1201831DC130015CC7F /* Base */ = {isa = PBXFileReference; lastKnownFileType = file.storyboard; name = Base; path = Base.lproj/Main.storyboard; sourceTree = "<group>"; };
		6E41C1221831DC130015CC7F /* ViewController.h */ = {isa = PBXFileReference; lastKnownFileType = sourcecode.c.h; path = ViewController.h; sourceTree = "<group>"; };
		6E41C1231831DC130015CC7F /* ViewController.m */ = {isa = PBXFileReference; lastKnownFileType = sourcecode.c.objc; path = ViewController.m; sourceTree = "<group>"; };
		6E41C1251831DC130015CC7F /* Images.xcassets */ = {isa = PBXFileReference; lastKnownFileType = folder.assetcatalog; path = Images.xcassets; sourceTree = "<group>"; };
		6E41C12B1831DC130015CC7F /* NoodleMeTests.xctest */ = {isa = PBXFileReference; explicitFileType = wrapper.cfbundle; includeInIndex = 0; path = NoodleMeTests.xctest; sourceTree = BUILT_PRODUCTS_DIR; };
		6E41C12C1831DC130015CC7F /* XCTest.framework */ = {isa = PBXFileReference; lastKnownFileType = wrapper.framework; name = XCTest.framework; path = Library/Frameworks/XCTest.framework; sourceTree = DEVELOPER_DIR; };
		6E41C1341831DC130015CC7F /* NoodleMeTests-Info.plist */ = {isa = PBXFileReference; lastKnownFileType = text.plist.xml; path = "NoodleMeTests-Info.plist"; sourceTree = "<group>"; };
		6E41C1361831DC130015CC7F /* en */ = {isa = PBXFileReference; lastKnownFileType = text.plist.strings; name = en; path = en.lproj/InfoPlist.strings; sourceTree = "<group>"; };
		6E41C1381831DC130015CC7F /* NoodleMeTests.m */ = {isa = PBXFileReference; lastKnownFileType = sourcecode.c.objc; path = NoodleMeTests.m; sourceTree = "<group>"; };
/* End PBXFileReference section */

/* Begin PBXFrameworksBuildPhase section */
		6E41C1071831DC130015CC7F /* Frameworks */ = {
			isa = PBXFrameworksBuildPhase;
			buildActionMask = 2147483647;
			files = (
				6E41C1101831DC130015CC7F /* CoreGraphics.framework in Frameworks */,
				6E41C1121831DC130015CC7F /* UIKit.framework in Frameworks */,
				6E41C10E1831DC130015CC7F /* Foundation.framework in Frameworks */,
			);
			runOnlyForDeploymentPostprocessing = 0;
		};
		6E41C1281831DC130015CC7F /* Frameworks */ = {
			isa = PBXFrameworksBuildPhase;
			buildActionMask = 2147483647;
			files = (
				6E41C12D1831DC130015CC7F /* XCTest.framework in Frameworks */,
				6E41C12F1831DC130015CC7F /* UIKit.framework in Frameworks */,
				6E41C12E1831DC130015CC7F /* Foundation.framework in Frameworks */,
			);
			runOnlyForDeploymentPostprocessing = 0;
		};
/* End PBXFrameworksBuildPhase section */

/* Begin PBXGroup section */
		6E41C1011831DC130015CC7F = {
			isa = PBXGroup;
			children = (
				6E41C1131831DC130015CC7F /* NoodleMe */,
				6E41C1321831DC130015CC7F /* NoodleMeTests */,
				6E41C10C1831DC130015CC7F /* Frameworks */,
				6E41C10B1831DC130015CC7F /* Products */,
			);
			sourceTree = "<group>";
		};
		6E41C10B1831DC130015CC7F /* Products */ = {
			isa = PBXGroup;
			children = (
				6E41C10A1831DC130015CC7F /* NoodleMe.app */,
				6E41C12B1831DC130015CC7F /* NoodleMeTests.xctest */,
			);
			name = Products;
			sourceTree = "<group>";
		};
		6E41C10C1831DC130015CC7F /* Frameworks */ = {
			isa = PBXGroup;
			children = (
				6E41C10D1831DC130015CC7F /* Foundation.framework */,
				6E41C10F1831DC130015CC7F /* CoreGraphics.framework */,
				6E41C1111831DC130015CC7F /* UIKit.framework */,
				6E41C12C1831DC130015CC7F /* XCTest.framework */,
			);
			name = Frameworks;
			sourceTree = "<group>";
		};
		6E41C1131831DC130015CC7F /* NoodleMe */ = {
			isa = PBXGroup;
			children = (
				6E41C11C1831DC130015CC7F /* AppDelegate.h */,
				6E41C11D1831DC130015CC7F /* AppDelegate.m */,
				6E41C11F1831DC130015CC7F /* Main.storyboard */,
				6E41C1221831DC130015CC7F /* ViewController.h */,
				6E41C1231831DC130015CC7F /* ViewController.m */,
				6E41C1251831DC130015CC7F /* Images.xcassets */,
				6E41C1141831DC130015CC7F /* Supporting Files */,
			);
			path = NoodleMe;
			sourceTree = "<group>";
		};
		6E41C1141831DC130015CC7F /* Supporting Files */ = {
			isa = PBXGroup;
			children = (
				6E41C1151831DC130015CC7F /* NoodleMe-Info.plist */,
				6E41C1161831DC130015CC7F /* InfoPlist.strings */,
				6E41C1191831DC130015CC7F /* main.m */,
				6E41C11B1831DC130015CC7F /* NoodleMe-Prefix.pch */,
			);
			name = "Supporting Files";
			sourceTree = "<group>";
		};
		6E41C1321831DC130015CC7F /* NoodleMeTests */ = {
			isa = PBXGroup;
			children = (
				6E41C1381831DC130015CC7F /* NoodleMeTests.m */,
				6E41C1331831DC130015CC7F /* Supporting Files */,
			);
			path = NoodleMeTests;
			sourceTree = "<group>";
		};
		6E41C1331831DC130015CC7F /* Supporting Files */ = {
			isa = PBXGroup;
			children = (
				6E41C1341831DC130015CC7F /* NoodleMeTests-Info.plist */,
				6E41C1351831DC130015CC7F /* InfoPlist.strings */,
			);
			name = "Supporting Files";
			sourceTree = "<group>";
		};
/* End PBXGroup section */

/* Begin PBXNativeTarget section */
		6E41C1091831DC130015CC7F /* NoodleMe */ = {
			isa = PBXNativeTarget;
			buildConfigurationList = 6E41C13C1831DC130015CC7F /* Build configuration list for PBXNativeTarget "NoodleMe" */;
			buildPhases = (
				6E41C1061831DC130015CC7F /* Sources */,
				6E41C1071831DC130015CC7F /* Frameworks */,
				6E41C1081831DC130015CC7F /* Resources */,
			);
			buildRules = (
			);
			dependencies = (
			);
			name = NoodleMe;
			productName = NoodleMe;
			productReference = 6E41C10A1831DC130015CC7F /* NoodleMe.app */;
			productType = "com.apple.product-type.application";
		};
		6E41C12A1831DC130015CC7F /* NoodleMeTests */ = {
			isa = PBXNativeTarget;
			buildConfigurationList = 6E41C13F1831DC130015CC7F /* Build configuration list for PBXNativeTarget "NoodleMeTests" */;
			buildPhases = (
				6E41C1271831DC130015CC7F /* Sources */,
				6E41C1281831DC130015CC7F /* Frameworks */,
				6E41C1291831DC130015CC7F /* Resources */,
			);
			buildRules = (
			);
			dependencies = (
				6E41C1311831DC130015CC7F /* PBXTargetDependency */,
			);
			name = NoodleMeTests;
			productName = NoodleMeTests;
			productReference = 6E41C12B1831DC130015CC7F /* NoodleMeTests.xctest */;
			productType = "com.apple.product-type.bundle.unit-test";
		};
/* End PBXNativeTarget section */

/* Begin PBXProject section */
		6E41C1021831DC130015CC7F /* Project object */ = {
			isa = PBXProject;
			attributes = {
				LastUpgradeCheck = 0500;
				ORGANIZATIONNAME = "Austin Emser";
				TargetAttributes = {
					6E41C12A1831DC130015CC7F = {
						TestTargetID = 6E41C1091831DC130015CC7F;
					};
				};
			};
			buildConfigurationList = 6E41C1051831DC130015CC7F /* Build configuration list for PBXProject "NoodleMe" */;
			compatibilityVersion = "Xcode 3.2";
			developmentRegion = English;
			hasScannedForEncodings = 0;
			knownRegions = (
				en,
				Base,
			);
			mainGroup = 6E41C1011831DC130015CC7F;
			productRefGroup = 6E41C10B1831DC130015CC7F /* Products */;
			projectDirPath = "";
			projectRoot = "";
			targets = (
				6E41C1091831DC130015CC7F /* NoodleMe */,
				6E41C12A1831DC130015CC7F /* NoodleMeTests */,
			);
		};
/* End PBXProject section */

/* Begin PBXResourcesBuildPhase section */
		6E41C1081831DC130015CC7F /* Resources */ = {
			isa = PBXResourcesBuildPhase;
			buildActionMask = 2147483647;
			files = (
				6E41C1261831DC130015CC7F /* Images.xcassets in Resources */,
				6E41C1181831DC130015CC7F /* InfoPlist.strings in Resources */,
				6E41C1211831DC130015CC7F /* Main.storyboard in Resources */,
			);
			runOnlyForDeploymentPostprocessing = 0;
		};
		6E41C1291831DC130015CC7F /* Resources */ = {
			isa = PBXResourcesBuildPhase;
			buildActionMask = 2147483647;
			files = (
				6E41C1371831DC130015CC7F /* InfoPlist.strings in Resources */,
			);
			runOnlyForDeploymentPostprocessing = 0;
		};
/* End PBXResourcesBuildPhase section */

/* Begin PBXSourcesBuildPhase section */
		6E41C1061831DC130015CC7F /* Sources */ = {
			isa = PBXSourcesBuildPhase;
			buildActionMask = 2147483647;
			files = (
				6E41C1241831DC130015CC7F /* ViewController.m in Sources */,
				6E41C11E1831DC130015CC7F /* AppDelegate.m in Sources */,
				6E41C11A1831DC130015CC7F /* main.m in Sources */,
			);
			runOnlyForDeploymentPostprocessing = 0;
		};
		6E41C1271831DC130015CC7F /* Sources */ = {
			isa = PBXSourcesBuildPhase;
			buildActionMask = 2147483647;
			files = (
				6E41C1391831DC130015CC7F /* NoodleMeTests.m in Sources */,
			);
			runOnlyForDeploymentPostprocessing = 0;
		};
/* End PBXSourcesBuildPhase section */

/* Begin PBXTargetDependency section */
		6E41C1311831DC130015CC7F /* PBXTargetDependency */ = {
			isa = PBXTargetDependency;
			target = 6E41C1091831DC130015CC7F /* NoodleMe */;
			targetProxy = 6E41C1301831DC130015CC7F /* PBXContainerItemProxy */;
		};
/* End PBXTargetDependency section */

/* Begin PBXVariantGroup section */
		6E41C1161831DC130015CC7F /* InfoPlist.strings */ = {
			isa = PBXVariantGroup;
			children = (
				6E41C1171831DC130015CC7F /* en */,
			);
			name = InfoPlist.strings;
			sourceTree = "<group>";
		};
		6E41C11F1831DC130015CC7F /* Main.storyboard */ = {
			isa = PBXVariantGroup;
			children = (
				6E41C1201831DC130015CC7F /* Base */,
			);
			name = Main.storyboard;
			sourceTree = "<group>";
		};
		6E41C1351831DC130015CC7F /* InfoPlist.strings */ = {
			isa = PBXVariantGroup;
			children = (
				6E41C1361831DC130015CC7F /* en */,
			);
			name = InfoPlist.strings;
			sourceTree = "<group>";
		};
/* End PBXVariantGroup section */

/* Begin XCBuildConfiguration section */
		6E41C13A1831DC130015CC7F /* Debug */ = {
			isa = XCBuildConfiguration;
			buildSettings = {
				ALWAYS_SEARCH_USER_PATHS = NO;
				ARCHS = "$(ARCHS_STANDARD_INCLUDING_64_BIT)";
				CLANG_CXX_LANGUAGE_STANDARD = "gnu++0x";
				CLANG_CXX_LIBRARY = "libc++";
				CLANG_ENABLE_MODULES = YES;
				CLANG_ENABLE_OBJC_ARC = YES;
				CLANG_WARN_BOOL_CONVERSION = YES;
				CLANG_WARN_CONSTANT_CONVERSION = YES;
				CLANG_WARN_DIRECT_OBJC_ISA_USAGE = YES_ERROR;
				CLANG_WARN_EMPTY_BODY = YES;
				CLANG_WARN_ENUM_CONVERSION = YES;
				CLANG_WARN_INT_CONVERSION = YES;
				CLANG_WARN_OBJC_ROOT_CLASS = YES_ERROR;
				CLANG_WARN__DUPLICATE_METHOD_MATCH = YES;
				"CODE_SIGN_IDENTITY[sdk=iphoneos*]" = "iPhone Developer";
				COPY_PHASE_STRIP = NO;
				GCC_C_LANGUAGE_STANDARD = gnu99;
				GCC_DYNAMIC_NO_PIC = NO;
				GCC_OPTIMIZATION_LEVEL = 0;
				GCC_PREPROCESSOR_DEFINITIONS = (
					"DEBUG=1",
					"$(inherited)",
				);
				GCC_SYMBOLS_PRIVATE_EXTERN = NO;
				GCC_WARN_64_TO_32_BIT_CONVERSION = YES;
				GCC_WARN_ABOUT_RETURN_TYPE = YES_ERROR;
				GCC_WARN_UNDECLARED_SELECTOR = YES;
				GCC_WARN_UNINITIALIZED_AUTOS = YES;
				GCC_WARN_UNUSED_FUNCTION = YES;
				GCC_WARN_UNUSED_VARIABLE = YES;
				IPHONEOS_DEPLOYMENT_TARGET = 7.0;
				ONLY_ACTIVE_ARCH = YES;
				SDKROOT = iphoneos;
			};
			name = Debug;
		};
		6E41C13B1831DC130015CC7F /* Release */ = {
			isa = XCBuildConfiguration;
			buildSettings = {
				ALWAYS_SEARCH_USER_PATHS = NO;
				ARCHS = "$(ARCHS_STANDARD_INCLUDING_64_BIT)";
				CLANG_CXX_LANGUAGE_STANDARD = "gnu++0x";
				CLANG_CXX_LIBRARY = "libc++";
				CLANG_ENABLE_MODULES = YES;
				CLANG_ENABLE_OBJC_ARC = YES;
				CLANG_WARN_BOOL_CONVERSION = YES;
				CLANG_WARN_CONSTANT_CONVERSION = YES;
				CLANG_WARN_DIRECT_OBJC_ISA_USAGE = YES_ERROR;
				CLANG_WARN_EMPTY_BODY = YES;
				CLANG_WARN_ENUM_CONVERSION = YES;
				CLANG_WARN_INT_CONVERSION = YES;
				CLANG_WARN_OBJC_ROOT_CLASS = YES_ERROR;
				CLANG_WARN__DUPLICATE_METHOD_MATCH = YES;
				"CODE_SIGN_IDENTITY[sdk=iphoneos*]" = "iPhone Developer";
				COPY_PHASE_STRIP = YES;
				ENABLE_NS_ASSERTIONS = NO;
				GCC_C_LANGUAGE_STANDARD = gnu99;
				GCC_WARN_64_TO_32_BIT_CONVERSION = YES;
				GCC_WARN_ABOUT_RETURN_TYPE = YES_ERROR;
				GCC_WARN_UNDECLARED_SELECTOR = YES;
				GCC_WARN_UNINITIALIZED_AUTOS = YES;
				GCC_WARN_UNUSED_FUNCTION = YES;
				GCC_WARN_UNUSED_VARIABLE = YES;
				IPHONEOS_DEPLOYMENT_TARGET = 7.0;
				SDKROOT = iphoneos;
				VALIDATE_PRODUCT = YES;
			};
			name = Release;
		};
		6E41C13D1831DC130015CC7F /* Debug */ = {
			isa = XCBuildConfiguration;
			buildSettings = {
				ASSETCATALOG_COMPILER_APPICON_NAME = AppIcon;
				ASSETCATALOG_COMPILER_LAUNCHIMAGE_NAME = LaunchImage;
				GCC_PRECOMPILE_PREFIX_HEADER = YES;
				GCC_PREFIX_HEADER = "NoodleMe/NoodleMe-Prefix.pch";
				INFOPLIST_FILE = "NoodleMe/NoodleMe-Info.plist";
				PRODUCT_NAME = "$(TARGET_NAME)";
				WRAPPER_EXTENSION = app;
			};
			name = Debug;
		};
		6E41C13E1831DC130015CC7F /* Release */ = {
			isa = XCBuildConfiguration;
			buildSettings = {
				ASSETCATALOG_COMPILER_APPICON_NAME = AppIcon;
				ASSETCATALOG_COMPILER_LAUNCHIMAGE_NAME = LaunchImage;
				GCC_PRECOMPILE_PREFIX_HEADER = YES;
				GCC_PREFIX_HEADER = "NoodleMe/NoodleMe-Prefix.pch";
				INFOPLIST_FILE = "NoodleMe/NoodleMe-Info.plist";
				PRODUCT_NAME = "$(TARGET_NAME)";
				WRAPPER_EXTENSION = app;
			};
			name = Release;
		};
		6E41C1401831DC130015CC7F /* Debug */ = {
			isa = XCBuildConfiguration;
			buildSettings = {
				ARCHS = "$(ARCHS_STANDARD_INCLUDING_64_BIT)";
				BUNDLE_LOADER = "$(BUILT_PRODUCTS_DIR)/NoodleMe.app/NoodleMe";
				FRAMEWORK_SEARCH_PATHS = (
					"$(SDKROOT)/Developer/Library/Frameworks",
					"$(inherited)",
					"$(DEVELOPER_FRAMEWORKS_DIR)",
				);
				GCC_PRECOMPILE_PREFIX_HEADER = YES;
				GCC_PREFIX_HEADER = "NoodleMe/NoodleMe-Prefix.pch";
				GCC_PREPROCESSOR_DEFINITIONS = (
					"DEBUG=1",
					"$(inherited)",
				);
				INFOPLIST_FILE = "NoodleMeTests/NoodleMeTests-Info.plist";
				PRODUCT_NAME = "$(TARGET_NAME)";
				TEST_HOST = "$(BUNDLE_LOADER)";
				WRAPPER_EXTENSION = xctest;
			};
			name = Debug;
		};
		6E41C1411831DC130015CC7F /* Release */ = {
			isa = XCBuildConfiguration;
			buildSettings = {
				ARCHS = "$(ARCHS_STANDARD_INCLUDING_64_BIT)";
				BUNDLE_LOADER = "$(BUILT_PRODUCTS_DIR)/NoodleMe.app/NoodleMe";
				FRAMEWORK_SEARCH_PATHS = (
					"$(SDKROOT)/Developer/Library/Frameworks",
					"$(inherited)",
					"$(DEVELOPER_FRAMEWORKS_DIR)",
				);
				GCC_PRECOMPILE_PREFIX_HEADER = YES;
				GCC_PREFIX_HEADER = "NoodleMe/NoodleMe-Prefix.pch";
				INFOPLIST_FILE = "NoodleMeTests/NoodleMeTests-Info.plist";
				PRODUCT_NAME = "$(TARGET_NAME)";
				TEST_HOST = "$(BUNDLE_LOADER)";
				WRAPPER_EXTENSION = xctest;
			};
			name = Release;
		};
/* End XCBuildConfiguration section */

/* Begin XCConfigurationList section */
		6E41C1051831DC130015CC7F /* Build configuration list for PBXProject "NoodleMe" */ = {
			isa = XCConfigurationList;
			buildConfigurations = (
				6E41C13A1831DC130015CC7F /* Debug */,
				6E41C13B1831DC130015CC7F /* Release */,
			);
			defaultConfigurationIsVisible = 0;
			defaultConfigurationName = Release;
		};
		6E41C13C1831DC130015CC7F /* Build configuration list for PBXNativeTarget "NoodleMe" */ = {
			isa = XCConfigurationList;
			buildConfigurations = (
				6E41C13D1831DC130015CC7F /* Debug */,
				6E41C13E1831DC130015CC7F /* Release */,
			);
			defaultConfigurationIsVisible = 0;
		};
		6E41C13F1831DC130015CC7F /* Build configuration list for PBXNativeTarget "NoodleMeTests" */ = {
			isa = XCConfigurationList;
			buildConfigurations = (
				6E41C1401831DC130015CC7F /* Debug */,
				6E41C1411831DC130015CC7F /* Release */,
			);
			defaultConfigurationIsVisible = 0;
		};
/* End XCConfigurationList section */
	};
	rootObject = 6E41C1021831DC130015CC7F /* Project object */;
}
